
Microsoft Visual Studio Solution File, Format Version 12.00
# Visual Studio 15
VisualStudioVersion = 15.0.27428.2037
MinimumVisualStudioVersion = 10.0.40219.1
Project("{2150E333-8FDC-42A3-9474-1A3956D46DE8}") = "Redis", "Redis", "{90BA63A5-C503-4EEC-ABC8-709A10D0725B}"
EndProject
Project("{2150E333-8FDC-42A3-9474-1A3956D46DE8}") = "Business", "Business", "{B314AC74-6019-4FAD-A196-3358566F6EB3}"
EndProject
Project("{2150E333-8FDC-42A3-9474-1A3956D46DE8}") = "Common", "Common", "{E8818F7D-6460-4995-BF40-286496ABDCAA}"
EndProject
Project("{FAE04EC0-301F-11D3-BF4B-00C04F79EFBC}") = "EjemploApi.Common.Logic", "EjemploApi.Common.Logic\EjemploApi.Common.Logic.csproj", "{920AF793-2F50-411E-AE54-645723BBE711}"
EndProject
Project("{FAE04EC0-301F-11D3-BF4B-00C04F79EFBC}") = "EjemploApi.DataAccess.Redis", "EjemploApi.DataAccess.Redis\EjemploApi.DataAccess.Redis.csproj", "{00F1F9D3-E11F-4457-BC99-6FB1E8B3C232}"
EndProject
Project("{FAE04EC0-301F-11D3-BF4B-00C04F79EFBC}") = "EjemploApi.Business", "EjemploApi.Business\EjemploApi.Business.csproj", "{06F845DC-306F-4F2F-BBA9-2AC3A9FB1E41}"
EndProject
Project("{FAE04EC0-301F-11D3-BF4B-00C04F79EFBC}") = "EjemploApi.Business.Facade.Logic", "EjemploApi.Business.Facade.Logic\EjemploApi.Business.Facade.Logic.csproj", "{136F79C8-D9FE-4B6B-BE9A-F359D7B28294}"
EndProject
Project("{FAE04EC0-301F-11D3-BF4B-00C04F79EFBC}") = "EjemploApi.Business.Facade.LogicTests", "EjemploApi.Business.Facade.LogicTests\EjemploApi.Business.Facade.LogicTests.csproj", "{605EADDF-5102-41E6-9AC1-4F652FC93991}"
EndProject
Project("{2150E333-8FDC-42A3-9474-1A3956D46DE8}") = "tests", "tests", "{FE8025B5-33B8-4B92-8BE6-6E4B5F5F8BFD}"
EndProject
Global
	GlobalSection(SolutionConfigurationPlatforms) = preSolution
		Debug|Any CPU = Debug|Any CPU
		Debug|ARM = Debug|ARM
		Debug|x64 = Debug|x64
		Debug|x86 = Debug|x86
		Release|Any CPU = Release|Any CPU
		Release|ARM = Release|ARM
		Release|x64 = Release|x64
		Release|x86 = Release|x86
	EndGlobalSection
	GlobalSection(ProjectConfigurationPlatforms) = postSolution
		{920AF793-2F50-411E-AE54-645723BBE711}.Debug|Any CPU.ActiveCfg = Debug|Any CPU
		{920AF793-2F50-411E-AE54-645723BBE711}.Debug|Any CPU.Build.0 = Debug|Any CPU
		{920AF793-2F50-411E-AE54-645723BBE711}.Debug|ARM.ActiveCfg = Debug|Any CPU
		{920AF793-2F50-411E-AE54-645723BBE711}.Debug|ARM.Build.0 = Debug|Any CPU
		{920AF793-2F50-411E-AE54-645723BBE711}.Debug|x64.ActiveCfg = Debug|Any CPU
		{920AF793-2F50-411E-AE54-645723BBE711}.Debug|x64.Build.0 = Debug|Any CPU
		{920AF793-2F50-411E-AE54-645723BBE711}.Debug|x86.ActiveCfg = Debug|Any CPU
		{920AF793-2F50-411E-AE54-645723BBE711}.Debug|x86.Build.0 = Debug|Any CPU
		{920AF793-2F50-411E-AE54-645723BBE711}.Release|Any CPU.ActiveCfg = Release|Any CPU
		{920AF793-2F50-411E-AE54-645723BBE711}.Release|Any CPU.Build.0 = Release|Any CPU
		{920AF793-2F50-411E-AE54-645723BBE711}.Release|ARM.ActiveCfg = Release|Any CPU
		{920AF793-2F50-411E-AE54-645723BBE711}.Release|ARM.Build.0 = Release|Any CPU
		{920AF793-2F50-411E-AE54-645723BBE711}.Release|x64.ActiveCfg = Release|Any CPU
		{920AF793-2F50-411E-AE54-645723BBE711}.Release|x64.Build.0 = Release|Any CPU
		{920AF793-2F50-411E-AE54-645723BBE711}.Release|x86.ActiveCfg = Release|Any CPU
		{920AF793-2F50-411E-AE54-645723BBE711}.Release|x86.Build.0 = Release|Any CPU
		{00F1F9D3-E11F-4457-BC99-6FB1E8B3C232}.Debug|Any CPU.ActiveCfg = Debug|Any CPU
		{00F1F9D3-E11F-4457-BC99-6FB1E8B3C232}.Debug|Any CPU.Build.0 = Debug|Any CPU
		{00F1F9D3-E11F-4457-BC99-6FB1E8B3C232}.Debug|ARM.ActiveCfg = Debug|Any CPU
		{00F1F9D3-E11F-4457-BC99-6FB1E8B3C232}.Debug|ARM.Build.0 = Debug|Any CPU
		{00F1F9D3-E11F-4457-BC99-6FB1E8B3C232}.Debug|x64.ActiveCfg = Debug|Any CPU
		{00F1F9D3-E11F-4457-BC99-6FB1E8B3C232}.Debug|x64.Build.0 = Debug|Any CPU
		{00F1F9D3-E11F-4457-BC99-6FB1E8B3C232}.Debug|x86.ActiveCfg = Debug|Any CPU
		{00F1F9D3-E11F-4457-BC99-6FB1E8B3C232}.Debug|x86.Build.0 = Debug|Any CPU
		{00F1F9D3-E11F-4457-BC99-6FB1E8B3C232}.Release|Any CPU.ActiveCfg = Release|Any CPU
		{00F1F9D3-E11F-4457-BC99-6FB1E8B3C232}.Release|Any CPU.Build.0 = Release|Any CPU
		{00F1F9D3-E11F-4457-BC99-6FB1E8B3C232}.Release|ARM.ActiveCfg = Release|Any CPU
		{00F1F9D3-E11F-4457-BC99-6FB1E8B3C232}.Release|ARM.Build.0 = Release|Any CPU
		{00F1F9D3-E11F-4457-BC99-6FB1E8B3C232}.Release|x64.ActiveCfg = Release|Any CPU
		{00F1F9D3-E11F-4457-BC99-6FB1E8B3C232}.Release|x64.Build.0 = Release|Any CPU
		{00F1F9D3-E11F-4457-BC99-6FB1E8B3C232}.Release|x86.ActiveCfg = Release|Any CPU
		{00F1F9D3-E11F-4457-BC99-6FB1E8B3C232}.Release|x86.Build.0 = Release|Any CPU
		{06F845DC-306F-4F2F-BBA9-2AC3A9FB1E41}.Debug|Any CPU.ActiveCfg = Debug|Any CPU
		{06F845DC-306F-4F2F-BBA9-2AC3A9FB1E41}.Debug|Any CPU.Build.0 = Debug|Any CPU
		{06F845DC-306F-4F2F-BBA9-2AC3A9FB1E41}.Debug|ARM.ActiveCfg = Debug|Any CPU
		{06F845DC-306F-4F2F-BBA9-2AC3A9FB1E41}.Debug|ARM.Build.0 = Debug|Any CPU
		{06F845DC-306F-4F2F-BBA9-2AC3A9FB1E41}.Debug|x64.ActiveCfg = Debug|Any CPU
		{06F845DC-306F-4F2F-BBA9-2AC3A9FB1E41}.Debug|x64.Build.0 = Debug|Any CPU
		{06F845DC-306F-4F2F-BBA9-2AC3A9FB1E41}.Debug|x86.ActiveCfg = Debug|Any CPU
		{06F845DC-306F-4F2F-BBA9-2AC3A9FB1E41}.Debug|x86.Build.0 = Debug|Any CPU
		{06F845DC-306F-4F2F-BBA9-2AC3A9FB1E41}.Release|Any CPU.ActiveCfg = Release|Any CPU
		{06F845DC-306F-4F2F-BBA9-2AC3A9FB1E41}.Release|Any CPU.Build.0 = Release|Any CPU
		{06F845DC-306F-4F2F-BBA9-2AC3A9FB1E41}.Release|ARM.ActiveCfg = Release|Any CPU
		{06F845DC-306F-4F2F-BBA9-2AC3A9FB1E41}.Release|ARM.Build.0 = Release|Any CPU
		{06F845DC-306F-4F2F-BBA9-2AC3A9FB1E41}.Release|x64.ActiveCfg = Release|Any CPU
		{06F845DC-306F-4F2F-BBA9-2AC3A9FB1E41}.Release|x64.Build.0 = Release|Any CPU
		{06F845DC-306F-4F2F-BBA9-2AC3A9FB1E41}.Release|x86.ActiveCfg = Release|Any CPU
		{06F845DC-306F-4F2F-BBA9-2AC3A9FB1E41}.Release|x86.Build.0 = Release|Any CPU
		{136F79C8-D9FE-4B6B-BE9A-F359D7B28294}.Debug|Any CPU.ActiveCfg = Debug|Any CPU
		{136F79C8-D9FE-4B6B-BE9A-F359D7B28294}.Debug|Any CPU.Build.0 = Debug|Any CPU
		{136F79C8-D9FE-4B6B-BE9A-F359D7B28294}.Debug|ARM.ActiveCfg = Debug|Any CPU
		{136F79C8-D9FE-4B6B-BE9A-F359D7B28294}.Debug|ARM.Build.0 = Debug|Any CPU
		{136F79C8-D9FE-4B6B-BE9A-F359D7B28294}.Debug|x64.ActiveCfg = Debug|Any CPU
		{136F79C8-D9FE-4B6B-BE9A-F359D7B28294}.Debug|x64.Build.0 = Debug|Any CPU
		{136F79C8-D9FE-4B6B-BE9A-F359D7B28294}.Debug|x86.ActiveCfg = Debug|Any CPU
		{136F79C8-D9FE-4B6B-BE9A-F359D7B28294}.Debug|x86.Build.0 = Debug|Any CPU
		{136F79C8-D9FE-4B6B-BE9A-F359D7B28294}.Release|Any CPU.ActiveCfg = Release|Any CPU
		{136F79C8-D9FE-4B6B-BE9A-F359D7B28294}.Release|Any CPU.Build.0 = Release|Any CPU
		{136F79C8-D9FE-4B6B-BE9A-F359D7B28294}.Release|ARM.ActiveCfg = Release|Any CPU
		{136F79C8-D9FE-4B6B-BE9A-F359D7B28294}.Release|ARM.Build.0 = Release|Any CPU
		{136F79C8-D9FE-4B6B-BE9A-F359D7B28294}.Release|x64.ActiveCfg = Release|Any CPU
		{136F79C8-D9FE-4B6B-BE9A-F359D7B28294}.Release|x64.Build.0 = Release|Any CPU
		{136F79C8-D9FE-4B6B-BE9A-F359D7B28294}.Release|x86.ActiveCfg = Release|Any CPU
		{136F79C8-D9FE-4B6B-BE9A-F359D7B28294}.Release|x86.Build.0 = Release|Any CPU
		{605EADDF-5102-41E6-9AC1-4F652FC93991}.Debug|Any CPU.ActiveCfg = Debug|Any CPU
		{605EADDF-5102-41E6-9AC1-4F652FC93991}.Debug|Any CPU.Build.0 = Debug|Any CPU
		{605EADDF-5102-41E6-9AC1-4F652FC93991}.Debug|ARM.ActiveCfg = Debug|Any CPU
		{605EADDF-5102-41E6-9AC1-4F652FC93991}.Debug|ARM.Build.0 = Debug|Any CPU
		{605EADDF-5102-41E6-9AC1-4F652FC93991}.Debug|x64.ActiveCfg = Debug|Any CPU
		{605EADDF-5102-41E6-9AC1-4F652FC93991}.Debug|x64.Build.0 = Debug|Any CPU
		{605EADDF-5102-41E6-9AC1-4F652FC93991}.Debug|x86.ActiveCfg = Debug|Any CPU
		{605EADDF-5102-41E6-9AC1-4F652FC93991}.Debug|x86.Build.0 = Debug|Any CPU
		{605EADDF-5102-41E6-9AC1-4F652FC93991}.Release|Any CPU.ActiveCfg = Release|Any CPU
		{605EADDF-5102-41E6-9AC1-4F652FC93991}.Release|Any CPU.Build.0 = Release|Any CPU
		{605EADDF-5102-41E6-9AC1-4F652FC93991}.Release|ARM.ActiveCfg = Release|Any CPU
		{605EADDF-5102-41E6-9AC1-4F652FC93991}.Release|ARM.Build.0 = Release|Any CPU
		{605EADDF-5102-41E6-9AC1-4F652FC93991}.Release|x64.ActiveCfg = Release|Any CPU
		{605EADDF-5102-41E6-9AC1-4F652FC93991}.Release|x64.Build.0 = Release|Any CPU
		{605EADDF-5102-41E6-9AC1-4F652FC93991}.Release|x86.ActiveCfg = Release|Any CPU
		{605EADDF-5102-41E6-9AC1-4F652FC93991}.Release|x86.Build.0 = Release|Any CPU
	EndGlobalSection
	GlobalSection(SolutionProperties) = preSolution
		HideSolutionNode = FALSE
	EndGlobalSection
	GlobalSection(NestedProjects) = preSolution
		{920AF793-2F50-411E-AE54-645723BBE711} = {E8818F7D-6460-4995-BF40-286496ABDCAA}
		{00F1F9D3-E11F-4457-BC99-6FB1E8B3C232} = {90BA63A5-C503-4EEC-ABC8-709A10D0725B}
		{06F845DC-306F-4F2F-BBA9-2AC3A9FB1E41} = {B314AC74-6019-4FAD-A196-3358566F6EB3}
		{136F79C8-D9FE-4B6B-BE9A-F359D7B28294} = {B314AC74-6019-4FAD-A196-3358566F6EB3}
		{605EADDF-5102-41E6-9AC1-4F652FC93991} = {FE8025B5-33B8-4B92-8BE6-6E4B5F5F8BFD}
	EndGlobalSection
	GlobalSection(ExtensibilityGlobals) = postSolution
		SolutionGuid = {E0C7F893-6FA4-43BC-AC10-27326D5289D9}
	EndGlobalSection
EndGlobal
